Microsoft Visual Studio Solution File, Format Version 12.00
# Visual Studio 16
Project("{8BC9CEB8-8B4A-11D0-8D11-00A0C91BC942}") = "ALL_BUILD", "ALL_BUILD.vcxproj", "{3CE7C81A-687C-3FD1-82C9-BABB4EAFB3A4}"
	ProjectSection(ProjectDependencies) = postProject
		{65674554-2D53-39F6-873B-109020189764} = {65674554-2D53-39F6-873B-109020189764}
		{E77380F6-582C-37CB-B141-69A0D469FC40} = {E77380F6-582C-37CB-B141-69A0D469FC40}
	EndProjectSection
EndProject
Project("{8BC9CEB8-8B4A-11D0-8D11-00A0C91BC942}") = "DEV4", "DEV4.vcxproj", "{65674554-2D53-39F6-873B-109020189764}"
	ProjectSection(ProjectDependencies) = postProject
		{E77380F6-582C-37CB-B141-69A0D469FC40} = {E77380F6-582C-37CB-B141-69A0D469FC40}
	EndProjectSection
EndProject
Project("{8BC9CEB8-8B4A-11D0-8D11-00A0C91BC942}") = "ZERO_CHECK", "ZERO_CHECK.vcxproj", "{E77380F6-582C-37CB-B141-69A0D469FC40}"
	ProjectSection(ProjectDependencies) = postProject
	EndProjectSection
EndProject
Global
	GlobalSection(SolutionConfigurationPlatforms) = preSolution
		Debug|x64 = Debug|x64
		Release|x64 = Release|x64
		MinSizeRel|x64 = MinSizeRel|x64
		RelWithDebInfo|x64 = RelWithDebInfo|x64
	EndGlobalSection
	GlobalSection(ProjectConfigurationPlatforms) = postSolution
		{3CE7C81A-687C-3FD1-82C9-BABB4EAFB3A4}.Debug|x64.ActiveCfg = Debug|x64
		{3CE7C81A-687C-3FD1-82C9-BABB4EAFB3A4}.Release|x64.ActiveCfg = Release|x64
		{3CE7C81A-687C-3FD1-82C9-BABB4EAFB3A4}.MinSizeRel|x64.ActiveCfg = MinSizeRel|x64
		{3CE7C81A-687C-3FD1-82C9-BABB4EAFB3A4}.RelWithDebInfo|x64.ActiveCfg = RelWithDebInfo|x64
		{65674554-2D53-39F6-873B-109020189764}.Debug|x64.ActiveCfg = Debug|x64
		{65674554-2D53-39F6-873B-109020189764}.Debug|x64.Build.0 = Debug|x64
		{65674554-2D53-39F6-873B-109020189764}.Release|x64.ActiveCfg = Release|x64
		{65674554-2D53-39F6-873B-109020189764}.Release|x64.Build.0 = Release|x64
		{65674554-2D53-39F6-873B-109020189764}.MinSizeRel|x64.ActiveCfg = MinSizeRel|x64
		{65674554-2D53-39F6-873B-109020189764}.MinSizeRel|x64.Build.0 = MinSizeRel|x64
		{65674554-2D53-39F6-873B-109020189764}.RelWithDebInfo|x64.ActiveCfg = RelWithDebInfo|x64
		{65674554-2D53-39F6-873B-109020189764}.RelWithDebInfo|x64.Build.0 = RelWithDebInfo|x64
		{E77380F6-582C-37CB-B141-69A0D469FC40}.Debug|x64.ActiveCfg = Debug|x64
		{E77380F6-582C-37CB-B141-69A0D469FC40}.Debug|x64.Build.0 = Debug|x64
		{E77380F6-582C-37CB-B141-69A0D469FC40}.Release|x64.ActiveCfg = Release|x64
		{E77380F6-582C-37CB-B141-69A0D469FC40}.Release|x64.Build.0 = Release|x64
		{E77380F6-582C-37CB-B141-69A0D469FC40}.MinSizeRel|x64.ActiveCfg = MinSizeRel|x64
		{E77380F6-582C-37CB-B141-69A0D469FC40}.MinSizeRel|x64.Build.0 = MinSizeRel|x64
		{E77380F6-582C-37CB-B141-69A0D469FC40}.RelWithDebInfo|x64.ActiveCfg = RelWithDebInfo|x64
		{E77380F6-582C-37CB-B141-69A0D469FC40}.RelWithDebInfo|x64.Build.0 = RelWithDebInfo|x64
	EndGlobalSection
	GlobalSection(ExtensibilityGlobals) = postSolution
		SolutionGuid = {04D68170-25EF-3565-A9E8-0D036E8825BC}
	EndGlobalSection
	GlobalSection(ExtensibilityAddIns) = postSolution
	EndGlobalSection
EndGlobal
